
Microsoft Visual Studio Solution File, Format Version 12.00
# Visual Studio Version 17
VisualStudioVersion = 17.14.36518.9 d17.14
MinimumVisualStudioVersion = 10.0.40219.1
Project("{FAE04EC0-301F-11D3-BF4B-00C04F79EFBC}") = "IPWhiteListManager", "IPWhiteListManager.csproj", "{EA695B53-2E37-4883-A03F-0F0A01476640}"
EndProject
Global
	GlobalSection(SolutionConfigurationPlatforms) = preSolution
		Debug|Any CPU = Debug|Any CPU
		Release|Any CPU = Release|Any CPU
	EndGlobalSection
	GlobalSection(ProjectConfigurationPlatforms) = postSolution
		{EA695B53-2E37-4883-A03F-0F0A01476640}.Debug|Any CPU.ActiveCfg = Debug|Any CPU
		{EA695B53-2E37-4883-A03F-0F0A01476640}.Debug|Any CPU.Build.0 = Debug|Any CPU
		{EA695B53-2E37-4883-A03F-0F0A01476640}.Release|Any CPU.ActiveCfg = Release|Any CPU
		{EA695B53-2E37-4883-A03F-0F0A01476640}.Release|Any CPU.Build.0 = Release|Any CPU
	EndGlobalSection
	GlobalSection(SolutionProperties) = preSolution
		HideSolutionNode = FALSE
	EndGlobalSection
	GlobalSection(ExtensibilityGlobals) = postSolution
		SolutionGuid = {EC58DC2A-19A7-4AFC-B9ED-E1BBA2F54116}
	EndGlobalSection
EndGlobal
